
Microsoft Visual Studio Solution File, Format Version 12.00
# Visual Studio Version 17
VisualStudioVersion = 17.7.34202.233
MinimumVisualStudioVersion = 10.0.40219.1
Project("{FAE04EC0-301F-11D3-BF4B-00C04F79EFBC}") = "Lab5", "Lab5\Lab5.csproj", "{CCAA9B77-C78D-4D6E-907B-4692BD308072}"
EndProject
Project("{FAE04EC0-301F-11D3-BF4B-00C04F79EFBC}") = "UnitTest", "UnitTest\UnitTest.csproj", "{AFA96E1B-E55F-4F79-AAB0-86C1DC3BBD79}"
EndProject
Global
	GlobalSection(SolutionConfigurationPlatforms) = preSolution
		Debug|Any CPU = Debug|Any CPU
		Release|Any CPU = Release|Any CPU
	EndGlobalSection
	GlobalSection(ProjectConfigurationPlatforms) = postSolution
		{CCAA9B77-C78D-4D6E-907B-4692BD308072}.Debug|Any CPU.ActiveCfg = Debug|Any CPU
		{CCAA9B77-C78D-4D6E-907B-4692BD308072}.Debug|Any CPU.Build.0 = Debug|Any CPU
		{CCAA9B77-C78D-4D6E-907B-4692BD308072}.Release|Any CPU.ActiveCfg = Release|Any CPU
		{CCAA9B77-C78D-4D6E-907B-4692BD308072}.Release|Any CPU.Build.0 = Release|Any CPU
		{AFA96E1B-E55F-4F79-AAB0-86C1DC3BBD79}.Debug|Any CPU.ActiveCfg = Debug|Any CPU
		{AFA96E1B-E55F-4F79-AAB0-86C1DC3BBD79}.Debug|Any CPU.Build.0 = Debug|Any CPU
		{AFA96E1B-E55F-4F79-AAB0-86C1DC3BBD79}.Release|Any CPU.ActiveCfg = Release|Any CPU
		{AFA96E1B-E55F-4F79-AAB0-86C1DC3BBD79}.Release|Any CPU.Build.0 = Release|Any CPU
	EndGlobalSection
	GlobalSection(SolutionProperties) = preSolution
		HideSolutionNode = FALSE
	EndGlobalSection
	GlobalSection(ExtensibilityGlobals) = postSolution
		SolutionGuid = {37DC873F-5471-4034-A08F-C3B1EC27DC8C}
	EndGlobalSection
EndGlobal
